// !$*UTF8*$!
{
	archiveVersion = 1;
	classes = {
	};
	objectVersion = 46;
	objects = {

/* Begin PBXBuildFile section */
		01558A361A0291A700083EB1 /* AppDelegate.swift in Sources */ = {isa = PBXBuildFile; fileRef = 01558A351A0291A700083EB1 /* AppDelegate.swift */; };
		01558A381A0291A700083EB1 /* ViewController.swift in Sources */ = {isa = PBXBuildFile; fileRef = 01558A371A0291A700083EB1 /* ViewController.swift */; };
		01558A3B1A0291A700083EB1 /* Main.storyboard in Resources */ = {isa = PBXBuildFile; fileRef = 01558A391A0291A700083EB1 /* Main.storyboard */; };
		01558A3D1A0291A700083EB1 /* Images.xcassets in Resources */ = {isa = PBXBuildFile; fileRef = 01558A3C1A0291A700083EB1 /* Images.xcassets */; };
		01558A401A0291A700083EB1 /* LaunchScreen.xib in Resources */ = {isa = PBXBuildFile; fileRef = 01558A3E1A0291A700083EB1 /* LaunchScreen.xib */; };
		01D1D1A31A29EDD10067D6D3 /* Map.png in Resources */ = {isa = PBXBuildFile; fileRef = 01D1D1A21A29EDD10067D6D3 /* Map.png */; };
		01D1D1A61A29EEDF0067D6D3 /* Entity.swift in Sources */ = {isa = PBXBuildFile; fileRef = 01D1D1A41A29EEDF0067D6D3 /* Entity.swift */; };
		01D1D1A71A29EEDF0067D6D3 /* Tile.swift in Sources */ = {isa = PBXBuildFile; fileRef = 01D1D1A51A29EEDF0067D6D3 /* Tile.swift */; };
		01D1D1AC1A29EF320067D6D3 /* Map.swift in Sources */ = {isa = PBXBuildFile; fileRef = 01D1D1AB1A29EF320067D6D3 /* Map.swift */; };
		01D1D1AE1A29F7B00067D6D3 /* FireGestureRecognizer.swift in Sources */ = {isa = PBXBuildFile; fileRef = 01D1D1AD1A29F7B00067D6D3 /* FireGestureRecognizer.swift */; };
		49E5D23E1C1238B600F99427 /* GestureRecognizerDelegateExtension.swift in Sources */ = {isa = PBXBuildFile; fileRef = 49E5D23D1C1238B600F99427 /* GestureRecognizerDelegateExtension.swift */; };
		49E5D2401C12396500F99427 /* SceneRendererDelegateExtension.swift in Sources */ = {isa = PBXBuildFile; fileRef = 49E5D23F1C12396500F99427 /* SceneRendererDelegateExtension.swift */; };
/* End PBXBuildFile section */

/* Begin PBXFileReference section */
		01558A301A0291A700083EB1 /* FPSControls.app */ = {isa = PBXFileReference; explicitFileType = wrapper.application; includeInIndex = 0; path = FPSControls.app; sourceTree = BUILT_PRODUCTS_DIR; };
		01558A341A0291A700083EB1 /* Info.plist */ = {isa = PBXFileReference; lastKnownFileType = text.plist.xml; path = Info.plist; sourceTree = "<group>"; };
		01558A351A0291A700083EB1 /* AppDelegate.swift */ = {isa = PBXFileReference; lastKnownFileType = sourcecode.swift; path = AppDelegate.swift; sourceTree = "<group>"; };
		01558A371A0291A700083EB1 /* ViewController.swift */ = {isa = PBXFileReference; lastKnownFileType = sourcecode.swift; path = ViewController.swift; sourceTree = "<group>"; };
		01558A3A1A0291A700083EB1 /* Base */ = {isa = PBXFileReference; lastKnownFileType = file.storyboard; name = Base; path = Base.lproj/Main.storyboard; sourceTree = "<group>"; };
		01558A3C1A0291A700083EB1 /* Images.xcassets */ = {isa = PBXFileReference; lastKnownFileType = folder.assetcatalog; path = Images.xcassets; sourceTree = "<group>"; };
		01558A3F1A0291A700083EB1 /* Base */ = {isa = PBXFileReference; lastKnownFileType = file.xib; name = Base; path = Base.lproj/LaunchScreen.xib; sourceTree = "<group>"; };
		01D1D1A21A29EDD10067D6D3 /* Map.png */ = {isa = PBXFileReference; lastKnownFileType = image.png; path = Map.png; sourceTree = "<group>"; };
		01D1D1A41A29EEDF0067D6D3 /* Entity.swift */ = {isa = PBXFileReference; fileEncoding = 4; lastKnownFileType = sourcecode.swift; path = Entity.swift; sourceTree = "<group>"; };
		01D1D1A51A29EEDF0067D6D3 /* Tile.swift */ = {isa = PBXFileReference; fileEncoding = 4; lastKnownFileType = sourcecode.swift; path = Tile.swift; sourceTree = "<group>"; };
		01D1D1AB1A29EF320067D6D3 /* Map.swift */ = {isa = PBXFileReference; fileEncoding = 4; lastKnownFileType = sourcecode.swift; path = Map.swift; sourceTree = "<group>"; };
		01D1D1AD1A29F7B00067D6D3 /* FireGestureRecognizer.swift */ = {isa = PBXFileReference; fileEncoding = 4; lastKnownFileType = sourcecode.swift; path = FireGestureRecognizer.swift; sourceTree = "<group>"; };
		49E5D23D1C1238B600F99427 /* GestureRecognizerDelegateExtension.swift */ = {isa = PBXFileReference; fileEncoding = 4; lastKnownFileType = sourcecode.swift; path = GestureRecognizerDelegateExtension.swift; sourceTree = "<group>"; };
		49E5D23F1C12396500F99427 /* SceneRendererDelegateExtension.swift */ = {isa = PBXFileReference; fileEncoding = 4; lastKnownFileType = sourcecode.swift; path = SceneRendererDelegateExtension.swift; sourceTree = "<group>"; };
/* End PBXFileReference section */

/* Begin PBXFrameworksBuildPhase section */
		01558A2D1A0291A700083EB1 /* Frameworks */ = {
			isa = PBXFrameworksBuildPhase;
			buildActionMask = 2147483647;
			files = (
			);
			runOnlyForDeploymentPostprocessing = 0;
		};
/* End PBXFrameworksBuildPhase section */

/* Begin PBXGroup section */
		01558A271A0291A700083EB1 = {
			isa = PBXGroup;
			children = (
				01558A321A0291A700083EB1 /* FPSControls */,
				01558A311A0291A700083EB1 /* Products */,
			);
			indentWidth = 4;
			sourceTree = "<group>";
			tabWidth = 4;
		};
		01558A311A0291A700083EB1 /* Products */ = {
			isa = PBXGroup;
			children = (
				01558A301A0291A700083EB1 /* FPSControls.app */,
			);
			name = Products;
			sourceTree = "<group>";
		};
		01558A321A0291A700083EB1 /* FPSControls */ = {
			isa = PBXGroup;
			children = (
				01D1D1A81A29EEF50067D6D3 /* Model */,
				01D1D1A91A29EF040067D6D3 /* Controllers */,
				01D1D1AA1A29EF0E0067D6D3 /* Resources */,
				01558A331A0291A700083EB1 /* Supporting Files */,
			);
			path = FPSControls;
			sourceTree = "<group>";
		};
		01558A331A0291A700083EB1 /* Supporting Files */ = {
			isa = PBXGroup;
			children = (
				01558A341A0291A700083EB1 /* Info.plist */,
			);
			name = "Supporting Files";
			sourceTree = "<group>";
		};
		01D1D1A81A29EEF50067D6D3 /* Model */ = {
			isa = PBXGroup;
			children = (
				01D1D1AB1A29EF320067D6D3 /* Map.swift */,
				01D1D1A41A29EEDF0067D6D3 /* Entity.swift */,
				01D1D1A51A29EEDF0067D6D3 /* Tile.swift */,
			);
			name = Model;
			sourceTree = "<group>";
		};
		01D1D1A91A29EF040067D6D3 /* Controllers */ = {
			isa = PBXGroup;
			children = (
				49E5D23C1C12384200F99427 /* Extensions */,
				01558A351A0291A700083EB1 /* AppDelegate.swift */,
				01558A371A0291A700083EB1 /* ViewController.swift */,
				01D1D1AD1A29F7B00067D6D3 /* FireGestureRecognizer.swift */,
				01558A391A0291A700083EB1 /* Main.storyboard */,
			);
			name = Controllers;
			sourceTree = "<group>";
		};
		01D1D1AA1A29EF0E0067D6D3 /* Resources */ = {
			isa = PBXGroup;
			children = (
				01558A3C1A0291A700083EB1 /* Images.xcassets */,
				01558A3E1A0291A700083EB1 /* LaunchScreen.xib */,
				01D1D1A21A29EDD10067D6D3 /* Map.png */,
			);
			name = Resources;
			sourceTree = "<group>";
		};
		49E5D23C1C12384200F99427 /* Extensions */ = {
			isa = PBXGroup;
			children = (
				49E5D23D1C1238B600F99427 /* GestureRecognizerDelegateExtension.swift */,
				49E5D23F1C12396500F99427 /* SceneRendererDelegateExtension.swift */,
			);
			name = Extensions;
			sourceTree = "<group>";
		};
/* End PBXGroup section */

/* Begin PBXNativeTarget section */
		01558A2F1A0291A700083EB1 /* FPSControls */ = {
			isa = PBXNativeTarget;
			buildConfigurationList = 01558A4F1A0291A700083EB1 /* Build configuration list for PBXNativeTarget "FPSControls" */;
			buildPhases = (
				01558A2C1A0291A700083EB1 /* Sources */,
				01558A2D1A0291A700083EB1 /* Frameworks */,
				01558A2E1A0291A700083EB1 /* Resources */,
			);
			buildRules = (
			);
			dependencies = (
			);
			name = FPSControls;
			productName = MapMaker;
			productReference = 01558A301A0291A700083EB1 /* FPSControls.app */;
			productType = "com.apple.product-type.application";
		};
/* End PBXNativeTarget section */

/* Begin PBXProject section */
		01558A281A0291A700083EB1 /* Project object */ = {
			isa = PBXProject;
			attributes = {
				LastSwiftUpdateCheck = 0700;
				LastUpgradeCheck = 0700;
				ORGANIZATIONNAME = "Nick Lockwood";
				TargetAttributes = {
					01558A2F1A0291A700083EB1 = {
						CreatedOnToolsVersion = 6.1;
					};
				};
			};
			buildConfigurationList = 01558A2B1A0291A700083EB1 /* Build configuration list for PBXProject "FPSControls" */;
			compatibilityVersion = "Xcode 3.2";
			developmentRegion = English;
			hasScannedForEncodings = 0;
			knownRegions = (
				en,
				Base,
			);
			mainGroup = 01558A271A0291A700083EB1;
			productRefGroup = 01558A311A0291A700083EB1 /* Products */;
			projectDirPath = "";
			projectRoot = "";
			targets = (
				01558A2F1A0291A700083EB1 /* FPSControls */,
			);
		};
/* End PBXProject section */

/* Begin PBXResourcesBuildPhase section */
		01558A2E1A0291A700083EB1 /* Resources */ = {
			isa = PBXResourcesBuildPhase;
			buildActionMask = 2147483647;
			files = (
				01D1D1A31A29EDD10067D6D3 /* Map.png in Resources */,
				01558A3B1A0291A700083EB1 /* Main.storyboard in Resources */,
				01558A401A0291A700083EB1 /* LaunchScreen.xib in Resources */,
				01558A3D1A0291A700083EB1 /* Images.xcassets in Resources */,
			);
			runOnlyForDeploymentPostprocessing = 0;
		};
/* End PBXResourcesBuildPhase section */

/* Begin PBXSourcesBuildPhase section */
		01558A2C1A0291A700083EB1 /* Sources */ = {
			isa = PBXSourcesBuildPhase;
			buildActionMask = 2147483647;
			files = (
				01D1D1AC1A29EF320067D6D3 /* Map.swift in Sources */,
				01558A381A0291A700083EB1 /* ViewController.swift in Sources */,
				01D1D1A61A29EEDF0067D6D3 /* Entity.swift in Sources */,
				01D1D1AE1A29F7B00067D6D3 /* FireGestureRecognizer.swift in Sources */,
				49E5D2401C12396500F99427 /* SceneRendererDelegateExtension.swift in Sources */,
				01D1D1A71A29EEDF0067D6D3 /* Tile.swift in Sources */,
				49E5D23E1C1238B600F99427 /* GestureRecognizerDelegateExtension.swift in Sources */,
				01558A361A0291A700083EB1 /* AppDelegate.swift in Sources */,
			);
			runOnlyForDeploymentPostprocessing = 0;
		};
/* End PBXSourcesBuildPhase section */

/* Begin PBXVariantGroup section */
		01558A391A0291A700083EB1 /* Main.storyboard */ = {
			isa = PBXVariantGroup;
			children = (
				01558A3A1A0291A700083EB1 /* Base */,
			);
			name = Main.storyboard;
			sourceTree = "<group>";
		};
		01558A3E1A0291A700083EB1 /* LaunchScreen.xib */ = {
			isa = PBXVariantGroup;
			children = (
				01558A3F1A0291A700083EB1 /* Base */,
			);
			name = LaunchScreen.xib;
			sourceTree = "<group>";
		};
/* End PBXVariantGroup section */

/* Begin XCBuildConfiguration section */
		01558A4D1A0291A700083EB1 /* Debug */ = {
			isa = XCBuildConfiguration;
			buildSettings = {
				ALWAYS_SEARCH_USER_PATHS = NO;
				CLANG_CXX_LANGUAGE_STANDARD = "gnu++0x";
				CLANG_CXX_LIBRARY = "libc++";
				CLANG_ENABLE_MODULES = YES;
				CLANG_ENABLE_OBJC_ARC = YES;
				CLANG_WARN_BOOL_CONVERSION = YES;
				CLANG_WARN_CONSTANT_CONVERSION = YES;
				CLANG_WARN_DIRECT_OBJC_ISA_USAGE = YES_ERROR;
				CLANG_WARN_EMPTY_BODY = YES;
				CLANG_WARN_ENUM_CONVERSION = YES;
				CLANG_WARN_INT_CONVERSION = YES;
				CLANG_WARN_OBJC_ROOT_CLASS = YES_ERROR;
				CLANG_WARN_UNREACHABLE_CODE = YES;
				CLANG_WARN__DUPLICATE_METHOD_MATCH = YES;
				"CODE_SIGN_IDENTITY[sdk=iphoneos*]" = "iPhone Developer";
				COPY_PHASE_STRIP = NO;
				ENABLE_STRICT_OBJC_MSGSEND = YES;
				ENABLE_TESTABILITY = YES;
				GCC_C_LANGUAGE_STANDARD = gnu99;
				GCC_DYNAMIC_NO_PIC = NO;
				GCC_OPTIMIZATION_LEVEL = 0;
				GCC_PREPROCESSOR_DEFINITIONS = (
					"DEBUG=1",
					"$(inherited)",
				);
				GCC_SYMBOLS_PRIVATE_EXTERN = NO;
				GCC_WARN_64_TO_32_BIT_CONVERSION = YES;
				GCC_WARN_ABOUT_RETURN_TYPE = YES_ERROR;
				GCC_WARN_UNDECLARED_SELECTOR = YES;
				GCC_WARN_UNINITIALIZED_AUTOS = YES_AGGRESSIVE;
				GCC_WARN_UNUSED_FUNCTION = YES;
				GCC_WARN_UNUSED_VARIABLE = YES;
				IPHONEOS_DEPLOYMENT_TARGET = 8.0;
				MTL_ENABLE_DEBUG_INFO = YES;
				ONLY_ACTIVE_ARCH = YES;
				SDKROOT = iphoneos;
				SWIFT_OPTIMIZATION_LEVEL = "-Onone";
			};
			name = Debug;
		};
		01558A4E1A0291A700083EB1 /* Release */ = {
			isa = XCBuildConfiguration;
			buildSettings = {
				ALWAYS_SEARCH_USER_PATHS = NO;
				CLANG_CXX_LANGUAGE_STANDARD = "gnu++0x";
				CLANG_CXX_LIBRARY = "libc++";
				CLANG_ENABLE_MODULES = YES;
				CLANG_ENABLE_OBJC_ARC = YES;
				CLANG_WARN_BOOL_CONVERSION = YES;
				CLANG_WARN_CONSTANT_CONVERSION = YES;
				CLANG_WARN_DIRECT_OBJC_ISA_USAGE = YES_ERROR;
				CLANG_WARN_EMPTY_BODY = YES;
				CLANG_WARN_ENUM_CONVERSION = YES;
				CLANG_WARN_INT_CONVERSION = YES;
				CLANG_WARN_OBJC_ROOT_CLASS = YES_ERROR;
				CLANG_WARN_UNREACHABLE_CODE = YES;
				CLANG_WARN__DUPLICATE_METHOD_MATCH = YES;
				"CODE_SIGN_IDENTITY[sdk=iphoneos*]" = "iPhone Developer";
				COPY_PHASE_STRIP = YES;
				ENABLE_NS_ASSERTIONS = NO;
				ENABLE_STRICT_OBJC_MSGSEND = YES;
				GCC_C_LANGUAGE_STANDARD = gnu99;
				GCC_WARN_64_TO_32_BIT_CONVERSION = YES;
				GCC_WARN_ABOUT_RETURN_TYPE = YES_ERROR;
				GCC_WARN_UNDECLARED_SELECTOR = YES;
				GCC_WARN_UNINITIALIZED_AUTOS = YES_AGGRESSIVE;
				GCC_WARN_UNUSED_FUNCTION = YES;
				GCC_WARN_UNUSED_VARIABLE = YES;
				IPHONEOS_DEPLOYMENT_TARGET = 8.0;
				MTL_ENABLE_DEBUG_INFO = NO;
				SDKROOT = iphoneos;
				VALIDATE_PRODUCT = YES;
			};
			name = Release;
		};
		01558A501A0291A700083EB1 /* Debug */ = {
			isa = XCBuildConfiguration;
			buildSettings = {
				ASSETCATALOG_COMPILER_APPICON_NAME = AppIcon;
				INFOPLIST_FILE = FPSControls/Info.plist;
				LD_RUNPATH_SEARCH_PATHS = "$(inherited) @executable_path/Frameworks";
				PRODUCT_BUNDLE_IDENTIFIER = "com.charcoaldesign.$(PRODUCT_NAME:rfc1034identifier)";
				PRODUCT_NAME = FPSControls;
				TARGETED_DEVICE_FAMILY = "1,2";
			};
			name = Debug;
		};
		01558A511A0291A700083EB1 /* Release */ = {
			isa = XCBuildConfiguration;
			buildSettings = {
				ASSETCATALOG_COMPILER_APPICON_NAME = AppIcon;
				INFOPLIST_FILE = FPSControls/Info.plist;
				LD_RUNPATH_SEARCH_PATHS = "$(inherited) @executable_path/Frameworks";
				PRODUCT_BUNDLE_IDENTIFIER = "com.charcoaldesign.$(PRODUCT_NAME:rfc1034identifier)";
				PRODUCT_NAME = FPSControls;
				TARGETED_DEVICE_FAMILY = "1,2";
			};
			name = Release;
		};
/* End XCBuildConfiguration section */

/* Begin XCConfigurationList section */
		01558A2B1A0291A700083EB1 /* Build configuration list for PBXProject "FPSControls" */ = {
			isa = XCConfigurationList;
			buildConfigurations = (
				01558A4D1A0291A700083EB1 /* Debug */,
				01558A4E1A0291A700083EB1 /* Release */,
			);
			defaultConfigurationIsVisible = 0;
			defaultConfigurationName = Release;
		};
		01558A4F1A0291A700083EB1 /* Build configuration list for PBXNativeTarget "FPSControls" */ = {
			isa = XCConfigurationList;
			buildConfigurations = (
				01558A501A0291A700083EB1 /* Debug */,
				01558A511A0291A700083EB1 /* Release */,
			);
			defaultConfigurationIsVisible = 0;
			defaultConfigurationName = Release;
		};
/* End XCConfigurationList section */
	};
	rootObject = 01558A281A0291A700083EB1 /* Project object */;
}
